
Microsoft Visual Studio Solution File, Format Version 12.00
# Visual Studio 14
VisualStudioVersion = 14.0.23107.0
MinimumVisualStudioVersion = 10.0.40219.1
Project("{FAE04EC0-301F-11D3-BF4B-00C04F79EFBC}") = "01.BiggerNumber", "03.BiggerNumber\01.BiggerNumber.csproj", "{DC64A46F-D0E7-4EB4-BA6E-BF3B1BF36B56}"
EndProject
Project("{FAE04EC0-301F-11D3-BF4B-00C04F79EFBC}") = "02.LastDigitOfNumber", "02.LastDigitOfNumber\02.LastDigitOfNumber.csproj", "{38FC208B-07D6-4C93-948F-953BE4A9FD20}"
EndProject
Project("{FAE04EC0-301F-11D3-BF4B-00C04F79EFBC}") = "03.LargerThanNeighbours", "03.LargerThanNeighbours\03.LargerThanNeighbours.csproj", "{8A69A016-EB62-4423-AB70-0A9732F4BFAA}"
EndProject
Project("{FAE04EC0-301F-11D3-BF4B-00C04F79EFBC}") = "04.FirstLargerThanNeighbours", "04.FirstLargerThanNeighbours\04.FirstLargerThanNeighbours.csproj", "{568634D5-826B-4E19-83CB-C2C5E40E5134}"
EndProject
Project("{FAE04EC0-301F-11D3-BF4B-00C04F79EFBC}") = "05.ReverseNumbers", "01.ReverseNumbers\05.ReverseNumbers.csproj", "{D5CC2C12-114C-4EB6-B4D1-EF21A0C2F55A}"
EndProject
Global
	GlobalSection(SolutionConfigurationPlatforms) = preSolution
		Debug|Any CPU = Debug|Any CPU
		Release|Any CPU = Release|Any CPU
	EndGlobalSection
	GlobalSection(ProjectConfigurationPlatforms) = postSolution
		{DC64A46F-D0E7-4EB4-BA6E-BF3B1BF36B56}.Debug|Any CPU.ActiveCfg = Debug|Any CPU
		{DC64A46F-D0E7-4EB4-BA6E-BF3B1BF36B56}.Debug|Any CPU.Build.0 = Debug|Any CPU
		{DC64A46F-D0E7-4EB4-BA6E-BF3B1BF36B56}.Release|Any CPU.ActiveCfg = Release|Any CPU
		{DC64A46F-D0E7-4EB4-BA6E-BF3B1BF36B56}.Release|Any CPU.Build.0 = Release|Any CPU
		{38FC208B-07D6-4C93-948F-953BE4A9FD20}.Debug|Any CPU.ActiveCfg = Debug|Any CPU
		{38FC208B-07D6-4C93-948F-953BE4A9FD20}.Debug|Any CPU.Build.0 = Debug|Any CPU
		{38FC208B-07D6-4C93-948F-953BE4A9FD20}.Release|Any CPU.ActiveCfg = Release|Any CPU
		{38FC208B-07D6-4C93-948F-953BE4A9FD20}.Release|Any CPU.Build.0 = Release|Any CPU
		{8A69A016-EB62-4423-AB70-0A9732F4BFAA}.Debug|Any CPU.ActiveCfg = Debug|Any CPU
		{8A69A016-EB62-4423-AB70-0A9732F4BFAA}.Debug|Any CPU.Build.0 = Debug|Any CPU
		{8A69A016-EB62-4423-AB70-0A9732F4BFAA}.Release|Any CPU.ActiveCfg = Release|Any CPU
		{8A69A016-EB62-4423-AB70-0A9732F4BFAA}.Release|Any CPU.Build.0 = Release|Any CPU
		{568634D5-826B-4E19-83CB-C2C5E40E5134}.Debug|Any CPU.ActiveCfg = Debug|Any CPU
		{568634D5-826B-4E19-83CB-C2C5E40E5134}.Debug|Any CPU.Build.0 = Debug|Any CPU
		{568634D5-826B-4E19-83CB-C2C5E40E5134}.Release|Any CPU.ActiveCfg = Release|Any CPU
		{568634D5-826B-4E19-83CB-C2C5E40E5134}.Release|Any CPU.Build.0 = Release|Any CPU
		{D5CC2C12-114C-4EB6-B4D1-EF21A0C2F55A}.Debug|Any CPU.ActiveCfg = Debug|Any CPU
		{D5CC2C12-114C-4EB6-B4D1-EF21A0C2F55A}.Debug|Any CPU.Build.0 = Debug|Any CPU
		{D5CC2C12-114C-4EB6-B4D1-EF21A0C2F55A}.Release|Any CPU.ActiveCfg = Release|Any CPU
		{D5CC2C12-114C-4EB6-B4D1-EF21A0C2F55A}.Release|Any CPU.Build.0 = Release|Any CPU
	EndGlobalSection
	GlobalSection(SolutionProperties) = preSolution
		HideSolutionNode = FALSE
	EndGlobalSection
EndGlobal
